
Microsoft Visual Studio Solution File, Format Version 12.00
# Visual Studio Version 16
VisualStudioVersion = 16.0.30907.101
MinimumVisualStudioVersion = 10.0.40219.1
Project("{FAE04EC0-301F-11D3-BF4B-00C04F79EFBC}") = "Phase1Section4.9", "Phase1Section4.9\Phase1Section4.9.csproj", "{9D2DBC1B-CBE4-45BA-ADA3-28039E5BED77}"
EndProject
Global
	GlobalSection(SolutionConfigurationPlatforms) = preSolution
		Debug|Any CPU = Debug|Any CPU
		Release|Any CPU = Release|Any CPU
	EndGlobalSection
	GlobalSection(ProjectConfigurationPlatforms) = postSolution
		{9D2DBC1B-CBE4-45BA-ADA3-28039E5BED77}.Debug|Any CPU.ActiveCfg = Debug|Any CPU
		{9D2DBC1B-CBE4-45BA-ADA3-28039E5BED77}.Debug|Any CPU.Build.0 = Debug|Any CPU
		{9D2DBC1B-CBE4-45BA-ADA3-28039E5BED77}.Release|Any CPU.ActiveCfg = Release|Any CPU
		{9D2DBC1B-CBE4-45BA-ADA3-28039E5BED77}.Release|Any CPU.Build.0 = Release|Any CPU
	EndGlobalSection
	GlobalSection(SolutionProperties) = preSolution
		HideSolutionNode = FALSE
	EndGlobalSection
	GlobalSection(ExtensibilityGlobals) = postSolution
		SolutionGuid = {F4F5D0A3-94CC-450C-B0B2-320CAE51296C}
	EndGlobalSection
EndGlobal
