
Microsoft Visual Studio Solution File, Format Version 12.00
# Visual Studio Version 16
VisualStudioVersion = 16.0.30907.101
MinimumVisualStudioVersion = 10.0.40219.1
Project("{FAE04EC0-301F-11D3-BF4B-00C04F79EFBC}") = "Phase1Section5.6", "Phase1Section5.6\Phase1Section5.6.csproj", "{397E6402-3254-4FFA-8D69-9739C6329689}"
EndProject
Global
	GlobalSection(SolutionConfigurationPlatforms) = preSolution
		Debug|Any CPU = Debug|Any CPU
		Release|Any CPU = Release|Any CPU
	EndGlobalSection
	GlobalSection(ProjectConfigurationPlatforms) = postSolution
		{397E6402-3254-4FFA-8D69-9739C6329689}.Debug|Any CPU.ActiveCfg = Debug|Any CPU
		{397E6402-3254-4FFA-8D69-9739C6329689}.Debug|Any CPU.Build.0 = Debug|Any CPU
		{397E6402-3254-4FFA-8D69-9739C6329689}.Release|Any CPU.ActiveCfg = Release|Any CPU
		{397E6402-3254-4FFA-8D69-9739C6329689}.Release|Any CPU.Build.0 = Release|Any CPU
	EndGlobalSection
	GlobalSection(SolutionProperties) = preSolution
		HideSolutionNode = FALSE
	EndGlobalSection
	GlobalSection(ExtensibilityGlobals) = postSolution
		SolutionGuid = {42EC7D0D-7D4B-4468-B81E-618637A92ABF}
	EndGlobalSection
EndGlobal
