
Microsoft Visual Studio Solution File, Format Version 12.00
# Visual Studio Version 16
VisualStudioVersion = 16.0.30907.101
MinimumVisualStudioVersion = 10.0.40219.1
Project("{FAE04EC0-301F-11D3-BF4B-00C04F79EFBC}") = "Phase1Section3.8", "Phase1Section3.8\Phase1Section3.8.csproj", "{8C1B97DA-4C55-4C43-9929-A21CE295C9CF}"
EndProject
Global
	GlobalSection(SolutionConfigurationPlatforms) = preSolution
		Debug|Any CPU = Debug|Any CPU
		Release|Any CPU = Release|Any CPU
	EndGlobalSection
	GlobalSection(ProjectConfigurationPlatforms) = postSolution
		{8C1B97DA-4C55-4C43-9929-A21CE295C9CF}.Debug|Any CPU.ActiveCfg = Debug|Any CPU
		{8C1B97DA-4C55-4C43-9929-A21CE295C9CF}.Debug|Any CPU.Build.0 = Debug|Any CPU
		{8C1B97DA-4C55-4C43-9929-A21CE295C9CF}.Release|Any CPU.ActiveCfg = Release|Any CPU
		{8C1B97DA-4C55-4C43-9929-A21CE295C9CF}.Release|Any CPU.Build.0 = Release|Any CPU
	EndGlobalSection
	GlobalSection(SolutionProperties) = preSolution
		HideSolutionNode = FALSE
	EndGlobalSection
	GlobalSection(ExtensibilityGlobals) = postSolution
		SolutionGuid = {D6EBDE2D-C36A-44AA-9F93-A9DB9D049100}
	EndGlobalSection
EndGlobal
