
Microsoft Visual Studio Solution File, Format Version 12.00
# Visual Studio Version 16
VisualStudioVersion = 16.0.30907.101
MinimumVisualStudioVersion = 10.0.40219.1
Project("{FAE04EC0-301F-11D3-BF4B-00C04F79EFBC}") = "Phase1Section3_4", "Phase1Section3_4\Phase1Section3_4.csproj", "{6DAB535F-90CF-49E7-BFF2-8CABB46BDC52}"
EndProject
Global
	GlobalSection(SolutionConfigurationPlatforms) = preSolution
		Debug|Any CPU = Debug|Any CPU
		Release|Any CPU = Release|Any CPU
	EndGlobalSection
	GlobalSection(ProjectConfigurationPlatforms) = postSolution
		{6DAB535F-90CF-49E7-BFF2-8CABB46BDC52}.Debug|Any CPU.ActiveCfg = Debug|Any CPU
		{6DAB535F-90CF-49E7-BFF2-8CABB46BDC52}.Debug|Any CPU.Build.0 = Debug|Any CPU
		{6DAB535F-90CF-49E7-BFF2-8CABB46BDC52}.Release|Any CPU.ActiveCfg = Release|Any CPU
		{6DAB535F-90CF-49E7-BFF2-8CABB46BDC52}.Release|Any CPU.Build.0 = Release|Any CPU
	EndGlobalSection
	GlobalSection(SolutionProperties) = preSolution
		HideSolutionNode = FALSE
	EndGlobalSection
	GlobalSection(ExtensibilityGlobals) = postSolution
		SolutionGuid = {C6444751-8E6D-488B-8785-B028AB2EB246}
	EndGlobalSection
EndGlobal
