
Microsoft Visual Studio Solution File, Format Version 12.00
# Visual Studio Version 16
VisualStudioVersion = 16.0.30907.101
MinimumVisualStudioVersion = 10.0.40219.1
Project("{FAE04EC0-301F-11D3-BF4B-00C04F79EFBC}") = "Phase1Section5.4", "Phase1Section5.4\Phase1Section5.4.csproj", "{20AC85D7-3578-4422-AA8A-24D5C38D0A2C}"
EndProject
Global
	GlobalSection(SolutionConfigurationPlatforms) = preSolution
		Debug|Any CPU = Debug|Any CPU
		Release|Any CPU = Release|Any CPU
	EndGlobalSection
	GlobalSection(ProjectConfigurationPlatforms) = postSolution
		{20AC85D7-3578-4422-AA8A-24D5C38D0A2C}.Debug|Any CPU.ActiveCfg = Debug|Any CPU
		{20AC85D7-3578-4422-AA8A-24D5C38D0A2C}.Debug|Any CPU.Build.0 = Debug|Any CPU
		{20AC85D7-3578-4422-AA8A-24D5C38D0A2C}.Release|Any CPU.ActiveCfg = Release|Any CPU
		{20AC85D7-3578-4422-AA8A-24D5C38D0A2C}.Release|Any CPU.Build.0 = Release|Any CPU
	EndGlobalSection
	GlobalSection(SolutionProperties) = preSolution
		HideSolutionNode = FALSE
	EndGlobalSection
	GlobalSection(ExtensibilityGlobals) = postSolution
		SolutionGuid = {1BF40D3F-47C3-4508-BF0D-E8DBC62F78A4}
	EndGlobalSection
EndGlobal
