
Microsoft Visual Studio Solution File, Format Version 12.00
# Visual Studio Version 16
VisualStudioVersion = 16.0.30907.101
MinimumVisualStudioVersion = 10.0.40219.1
Project("{FAE04EC0-301F-11D3-BF4B-00C04F79EFBC}") = "Phase1Section4.21", "Phase1Section4.21\Phase1Section4.21.csproj", "{FD4644AA-B4F2-446E-8766-6D9080DC1AE9}"
EndProject
Global
	GlobalSection(SolutionConfigurationPlatforms) = preSolution
		Debug|Any CPU = Debug|Any CPU
		Release|Any CPU = Release|Any CPU
	EndGlobalSection
	GlobalSection(ProjectConfigurationPlatforms) = postSolution
		{FD4644AA-B4F2-446E-8766-6D9080DC1AE9}.Debug|Any CPU.ActiveCfg = Debug|Any CPU
		{FD4644AA-B4F2-446E-8766-6D9080DC1AE9}.Debug|Any CPU.Build.0 = Debug|Any CPU
		{FD4644AA-B4F2-446E-8766-6D9080DC1AE9}.Release|Any CPU.ActiveCfg = Release|Any CPU
		{FD4644AA-B4F2-446E-8766-6D9080DC1AE9}.Release|Any CPU.Build.0 = Release|Any CPU
	EndGlobalSection
	GlobalSection(SolutionProperties) = preSolution
		HideSolutionNode = FALSE
	EndGlobalSection
	GlobalSection(ExtensibilityGlobals) = postSolution
		SolutionGuid = {86E780EF-E365-4CA2-9D0C-4BB1BB889FD7}
	EndGlobalSection
EndGlobal
